// !$*UTF8*$!
{
	archiveVersion = 1;
	classes = {
	};
	objectVersion = 48;
	objects = {

/* Begin PBXBuildFile section */
		131C3206207D0D1E00C0DD39 /* AppDelegate.m in Sources */ = {isa = PBXBuildFile; fileRef = 131C3205207D0D1E00C0DD39 /* AppDelegate.m */; };
		131C3209207D0D1E00C0DD39 /* ViewController.m in Sources */ = {isa = PBXBuildFile; fileRef = 131C3208207D0D1E00C0DD39 /* ViewController.m */; };
		131C320C207D0D1E00C0DD39 /* Main.storyboard in Resources */ = {isa = PBXBuildFile; fileRef = 131C320A207D0D1E00C0DD39 /* Main.storyboard */; };
		131C320E207D0D1E00C0DD39 /* Assets.xcassets in Resources */ = {isa = PBXBuildFile; fileRef = 131C320D207D0D1E00C0DD39 /* Assets.xcassets */; };
		131C3211207D0D1E00C0DD39 /* LaunchScreen.storyboard in Resources */ = {isa = PBXBuildFile; fileRef = 131C320F207D0D1E00C0DD39 /* LaunchScreen.storyboard */; };
		131C3214207D0D1E00C0DD39 /* main.m in Sources */ = {isa = PBXBuildFile; fileRef = 131C3213207D0D1E00C0DD39 /* main.m */; };
		DF1AA9907FE5B42683323A3C /* Pods_TestDEMO2.framework in Frameworks */ = {isa = PBXBuildFile; fileRef = 459D0BBE59AA9AF9D887F5AC /* Pods_TestDEMO2.framework */; };
/* End PBXBuildFile section */

/* Begin PBXFileReference section */
		131C3201207D0D1E00C0DD39 /* TestDEMO2.app */ = {isa = PBXFileReference; explicitFileType = wrapper.application; includeInIndex = 0; path = TestDEMO2.app; sourceTree = BUILT_PRODUCTS_DIR; };
		131C3204207D0D1E00C0DD39 /* AppDelegate.h */ = {isa = PBXFileReference; lastKnownFileType = sourcecode.c.h; path = AppDelegate.h; sourceTree = "<group>"; };
		131C3205207D0D1E00C0DD39 /* AppDelegate.m */ = {isa = PBXFileReference; lastKnownFileType = sourcecode.c.objc; path = AppDelegate.m; sourceTree = "<group>"; };
		131C3207207D0D1E00C0DD39 /* ViewController.h */ = {isa = PBXFileReference; lastKnownFileType = sourcecode.c.h; path = ViewController.h; sourceTree = "<group>"; };
		131C3208207D0D1E00C0DD39 /* ViewController.m */ = {isa = PBXFileReference; lastKnownFileType = sourcecode.c.objc; path = ViewController.m; sourceTree = "<group>"; };
		131C320B207D0D1E00C0DD39 /* Base */ = {isa = PBXFileReference; lastKnownFileType = file.storyboard; name = Base; path = Base.lproj/Main.storyboard; sourceTree = "<group>"; };
		131C320D207D0D1E00C0DD39 /* Assets.xcassets */ = {isa = PBXFileReference; lastKnownFileType = folder.assetcatalog; path = Assets.xcassets; sourceTree = "<group>"; };
		131C3210207D0D1E00C0DD39 /* Base */ = {isa = PBXFileReference; lastKnownFileType = file.storyboard; name = Base; path = Base.lproj/LaunchScreen.storyboard; sourceTree = "<group>"; };
		131C3212207D0D1E00C0DD39 /* Info.plist */ = {isa = PBXFileReference; lastKnownFileType = text.plist.xml; path = Info.plist; sourceTree = "<group>"; };
		131C3213207D0D1E00C0DD39 /* main.m */ = {isa = PBXFileReference; lastKnownFileType = sourcecode.c.objc; path = main.m; sourceTree = "<group>"; };
		41830DF5910264A6F7AE2CBD /* Pods-TestDEMO2.debug.xcconfig */ = {isa = PBXFileReference; includeInIndex = 1; lastKnownFileType = text.xcconfig; name = "Pods-TestDEMO2.debug.xcconfig"; path = "../Pods/Target Support Files/Pods-TestDEMO2/Pods-TestDEMO2.debug.xcconfig"; sourceTree = "<group>"; };
		459D0BBE59AA9AF9D887F5AC /* Pods_TestDEMO2.framework */ = {isa = PBXFileReference; explicitFileType = wrapper.framework; includeInIndex = 0; path = Pods_TestDEMO2.framework; sourceTree = BUILT_PRODUCTS_DIR; };
		616C577346D296C7CFE086C4 /* Pods-TestDEMO2.release.xcconfig */ = {isa = PBXFileReference; includeInIndex = 1; lastKnownFileType = text.xcconfig; name = "Pods-TestDEMO2.release.xcconfig"; path = "../Pods/Target Support Files/Pods-TestDEMO2/Pods-TestDEMO2.release.xcconfig"; sourceTree = "<group>"; };
/* End PBXFileReference section */

/* Begin PBXFrameworksBuildPhase section */
		131C31FE207D0D1E00C0DD39 /* Frameworks */ = {
			isa = PBXFrameworksBuildPhase;
			buildActionMask = 2147483647;
			files = (
				DF1AA9907FE5B42683323A3C /* Pods_TestDEMO2.framework in Frameworks */,
			);
			runOnlyForDeploymentPostprocessing = 0;
		};
/* End PBXFrameworksBuildPhase section */

/* Begin PBXGroup section */
		131C31F8207D0D1E00C0DD39 = {
			isa = PBXGroup;
			children = (
				131C3203207D0D1E00C0DD39 /* TestDEMO2 */,
				131C3202207D0D1E00C0DD39 /* Products */,
				43E72D7EAFD83813154EB0C1 /* Pods */,
				2CBF807D12A4F108E92C51FB /* Frameworks */,
			);
			sourceTree = "<group>";
		};
		131C3202207D0D1E00C0DD39 /* Products */ = {
			isa = PBXGroup;
			children = (
				131C3201207D0D1E00C0DD39 /* TestDEMO2.app */,
			);
			name = Products;
			sourceTree = "<group>";
		};
		131C3203207D0D1E00C0DD39 /* TestDEMO2 */ = {
			isa = PBXGroup;
			children = (
				131C3204207D0D1E00C0DD39 /* AppDelegate.h */,
				131C3205207D0D1E00C0DD39 /* AppDelegate.m */,
				131C3207207D0D1E00C0DD39 /* ViewController.h */,
				131C3208207D0D1E00C0DD39 /* ViewController.m */,
				131C320A207D0D1E00C0DD39 /* Main.storyboard */,
				131C320D207D0D1E00C0DD39 /* Assets.xcassets */,
				131C320F207D0D1E00C0DD39 /* LaunchScreen.storyboard */,
				131C3212207D0D1E00C0DD39 /* Info.plist */,
				131C3213207D0D1E00C0DD39 /* main.m */,
			);
			path = TestDEMO2;
			sourceTree = "<group>";
		};
		2CBF807D12A4F108E92C51FB /* Frameworks */ = {
			isa = PBXGroup;
			children = (
				459D0BBE59AA9AF9D887F5AC /* Pods_TestDEMO2.framework */,
			);
			name = Frameworks;
			sourceTree = "<group>";
		};
		43E72D7EAFD83813154EB0C1 /* Pods */ = {
			isa = PBXGroup;
			children = (
				41830DF5910264A6F7AE2CBD /* Pods-TestDEMO2.debug.xcconfig */,
				616C577346D296C7CFE086C4 /* Pods-TestDEMO2.release.xcconfig */,
			);
			name = Pods;
			sourceTree = "<group>";
		};
/* End PBXGroup section */

/* Begin PBXNativeTarget section */
		131C3200207D0D1E00C0DD39 /* TestDEMO2 */ = {
			isa = PBXNativeTarget;
			buildConfigurationList = 131C3217207D0D1E00C0DD39 /* Build configuration list for PBXNativeTarget "TestDEMO2" */;
			buildPhases = (
				71F936385BB7E875BDB75651 /* [CP] Check Pods Manifest.lock */,
				131C31FD207D0D1E00C0DD39 /* Sources */,
				131C31FE207D0D1E00C0DD39 /* Frameworks */,
				131C31FF207D0D1E00C0DD39 /* Resources */,
				4C6410502B092F6AD2C7823F /* [CP] Embed Pods Frameworks */,
				202E896426E18C59F0DD6CDF /* [CP] Copy Pods Resources */,
			);
			buildRules = (
			);
			dependencies = (
			);
			name = TestDEMO2;
			productName = TestDEMO2;
			productReference = 131C3201207D0D1E00C0DD39 /* TestDEMO2.app */;
			productType = "com.apple.product-type.application";
		};
/* End PBXNativeTarget section */

/* Begin PBXProject section */
		131C31F9207D0D1E00C0DD39 /* Project object */ = {
			isa = PBXProject;
			attributes = {
				LastUpgradeCheck = 0910;
				ORGANIZATIONNAME = "小飞鸟";
				TargetAttributes = {
					131C3200207D0D1E00C0DD39 = {
						CreatedOnToolsVersion = 9.1;
						ProvisioningStyle = Automatic;
					};
				};
			};
			buildConfigurationList = 131C31FC207D0D1E00C0DD39 /* Build configuration list for PBXProject "TestDEMO2" */;
			compatibilityVersion = "Xcode 8.0";
			developmentRegion = en;
			hasScannedForEncodings = 0;
			knownRegions = (
				en,
				Base,
			);
			mainGroup = 131C31F8207D0D1E00C0DD39;
			productRefGroup = 131C3202207D0D1E00C0DD39 /* Products */;
			projectDirPath = "";
			projectRoot = "";
			targets = (
				131C3200207D0D1E00C0DD39 /* TestDEMO2 */,
			);
		};
/* End PBXProject section */

/* Begin PBXResourcesBuildPhase section */
		131C31FF207D0D1E00C0DD39 /* Resources */ = {
			isa = PBXResourcesBuildPhase;
			buildActionMask = 2147483647;
			files = (
				131C3211207D0D1E00C0DD39 /* LaunchScreen.storyboard in Resources */,
				131C320E207D0D1E00C0DD39 /* Assets.xcassets in Resources */,
				131C320C207D0D1E00C0DD39 /* Main.storyboard in Resources */,
			);
			runOnlyForDeploymentPostprocessing = 0;
		};
/* End PBXResourcesBuildPhase section */

/* Begin PBXShellScriptBuildPhase section */
		202E896426E18C59F0DD6CDF /* [CP] Copy Pods Resources */ = {
			isa = PBXShellScriptBuildPhase;
			buildActionMask = 2147483647;
			files = (
			);
			inputPaths = (
			);
			name = "[CP] Copy Pods Resources";
			outputPaths = (
			);
			runOnlyForDeploymentPostprocessing = 0;
			shellPath = /bin/sh;
			shellScript = "\"${SRCROOT}/../Pods/Target Support Files/Pods-TestDEMO2/Pods-TestDEMO2-resources.sh\"\n";
			showEnvVarsInLog = 0;
		};
		4C6410502B092F6AD2C7823F /* [CP] Embed Pods Frameworks */ = {
			isa = PBXShellScriptBuildPhase;
			buildActionMask = 2147483647;
			files = (
			);
			inputPaths = (
				"${SRCROOT}/../Pods/Target Support Files/Pods-TestDEMO2/Pods-TestDEMO2-frameworks.sh",
				"${BUILT_PRODUCTS_DIR}/JSON/JSON.framework",
				"${BUILT_PRODUCTS_DIR}/Masonry-framework/Masonry.framework",
			);
			name = "[CP] Embed Pods Frameworks";
			outputPaths = (
				"${TARGET_BUILD_DIR}/${FRAMEWORKS_FOLDER_PATH}/JSON.framework",
				"${TARGET_BUILD_DIR}/${FRAMEWORKS_FOLDER_PATH}/Masonry.framework",
			);
			runOnlyForDeploymentPostprocessing = 0;
			shellPath = /bin/sh;
			shellScript = "\"${SRCROOT}/../Pods/Target Support Files/Pods-TestDEMO2/Pods-TestDEMO2-frameworks.sh\"\n";
			showEnvVarsInLog = 0;
		};
		71F936385BB7E875BDB75651 /* [CP] Check Pods Manifest.lock */ = {
			isa = PBXShellScriptBuildPhase;
			buildActionMask = 2147483647;
			files = (
			);
			inputPaths = (
				"${PODS_PODFILE_DIR_PATH}/Podfile.lock",
				"${PODS_ROOT}/Manifest.lock",
			);
			name = "[CP] Check Pods Manifest.lock";
			outputPaths = (
				"$(DERIVED_FILE_DIR)/Pods-TestDEMO2-checkManifestLockResult.txt",
			);
			runOnlyForDeploymentPostprocessing = 0;
			shellPath = /bin/sh;
			shellScript = "diff \"${PODS_PODFILE_DIR_PATH}/Podfile.lock\" \"${PODS_ROOT}/Manifest.lock\" > /dev/null\nif [ $? != 0 ] ; then\n    # print error to STDERR\n    echo \"error: The sandbox is not in sync with the Podfile.lock. Run 'pod install' or update your CocoaPods installation.\" >&2\n    exit 1\nfi\n";
			showEnvVarsInLog = 0;
		};
/* End PBXShellScriptBuildPhase section */

/* Begin PBXSourcesBuildPhase section */
		131C31FD207D0D1E00C0DD39 /* Sources */ = {
			isa = PBXSourcesBuildPhase;
			buildActionMask = 2147483647;
			files = (
				131C3209207D0D1E00C0DD39 /* ViewController.m in Sources */,
				131C3214207D0D1E00C0DD39 /* main.m in Sources */,
				131C3206207D0D1E00C0DD39 /* AppDelegate.m in Sources */,
			);
			runOnlyForDeploymentPostprocessing = 0;
		};
/* End PBXSourcesBuildPhase section */

/* Begin PBXVariantGroup section */
		131C320A207D0D1E00C0DD39 /* Main.storyboard */ = {
			isa = PBXVariantGroup;
			children = (
				131C320B207D0D1E00C0DD39 /* Base */,
			);
			name = Main.storyboard;
			sourceTree = "<group>";
		};
		131C320F207D0D1E00C0DD39 /* LaunchScreen.storyboard */ = {
			isa = PBXVariantGroup;
			children = (
				131C3210207D0D1E00C0DD39 /* Base */,
			);
			name = LaunchScreen.storyboard;
			sourceTree = "<group>";
		};
/* End PBXVariantGroup section */

/* Begin XCBuildConfiguration section */
		131C3215207D0D1E00C0DD39 /* Debug */ = {
			isa = XCBuildConfiguration;
			buildSettings = {
				ALWAYS_SEARCH_USER_PATHS = NO;
				CLANG_ANALYZER_NONNULL = YES;
				CLANG_ANALYZER_NUMBER_OBJECT_CONVERSION = YES_AGGRESSIVE;
				CLANG_CXX_LANGUAGE_STANDARD = "gnu++14";
				CLANG_CXX_LIBRARY = "libc++";
				CLANG_ENABLE_MODULES = YES;
				CLANG_ENABLE_OBJC_ARC = YES;
				CLANG_WARN_BLOCK_CAPTURE_AUTORELEASING = YES;
				CLANG_WARN_BOOL_CONVERSION = YES;
				CLANG_WARN_COMMA = YES;
				CLANG_WARN_CONSTANT_CONVERSION = YES;
				CLANG_WARN_DIRECT_OBJC_ISA_USAGE = YES_ERROR;
				CLANG_WARN_DOCUMENTATION_COMMENTS = YES;
				CLANG_WARN_EMPTY_BODY = YES;
				CLANG_WARN_ENUM_CONVERSION = YES;
				CLANG_WARN_INFINITE_RECURSION = YES;
				CLANG_WARN_INT_CONVERSION = YES;
				CLANG_WARN_NON_LITERAL_NULL_CONVERSION = YES;
				CLANG_WARN_OBJC_LITERAL_CONVERSION = YES;
				CLANG_WARN_OBJC_ROOT_CLASS = YES_ERROR;
				CLANG_WARN_RANGE_LOOP_ANALYSIS = YES;
				CLANG_WARN_STRICT_PROTOTYPES = YES;
				CLANG_WARN_SUSPICIOUS_MOVE = YES;
				CLANG_WARN_UNGUARDED_AVAILABILITY = YES_AGGRESSIVE;
				CLANG_WARN_UNREACHABLE_CODE = YES;
				CLANG_WARN__DUPLICATE_METHOD_MATCH = YES;
				CODE_SIGN_IDENTITY = "iPhone Developer";
				COPY_PHASE_STRIP = NO;
				DEBUG_INFORMATION_FORMAT = dwarf;
				ENABLE_STRICT_OBJC_MSGSEND = YES;
				ENABLE_TESTABILITY = YES;
				GCC_C_LANGUAGE_STANDARD = gnu11;
				GCC_DYNAMIC_NO_PIC = NO;
				GCC_NO_COMMON_BLOCKS = YES;
				GCC_OPTIMIZATION_LEVEL = 0;
				GCC_PREPROCESSOR_DEFINITIONS = (
					"DEBUG=1",
					"$(inherited)",
				);
				GCC_WARN_64_TO_32_BIT_CONVERSION = YES;
				GCC_WARN_ABOUT_RETURN_TYPE = YES_ERROR;
				GCC_WARN_UNDECLARED_SELECTOR = YES;
				GCC_WARN_UNINITIALIZED_AUTOS = YES_AGGRESSIVE;
				GCC_WARN_UNUSED_FUNCTION = YES;
				GCC_WARN_UNUSED_VARIABLE = YES;
				IPHONEOS_DEPLOYMENT_TARGET = 11.1;
				MTL_ENABLE_DEBUG_INFO = YES;
				ONLY_ACTIVE_ARCH = YES;
				SDKROOT = iphoneos;
			};
			name = Debug;
		};
		131C3216207D0D1E00C0DD39 /* Release */ = {
			isa = XCBuildConfiguration;
			buildSettings = {
				ALWAYS_SEARCH_USER_PATHS = NO;
				CLANG_ANALYZER_NONNULL = YES;
				CLANG_ANALYZER_NUMBER_OBJECT_CONVERSION = YES_AGGRESSIVE;
				CLANG_CXX_LANGUAGE_STANDARD = "gnu++14";
				CLANG_CXX_LIBRARY = "libc++";
				CLANG_ENABLE_MODULES = YES;
				CLANG_ENABLE_OBJC_ARC = YES;
				CLANG_WARN_BLOCK_CAPTURE_AUTORELEASING = YES;
				CLANG_WARN_BOOL_CONVERSION = YES;
				CLANG_WARN_COMMA = YES;
				CLANG_WARN_CONSTANT_CONVERSION = YES;
				CLANG_WARN_DIRECT_OBJC_ISA_USAGE = YES_ERROR;
				CLANG_WARN_DOCUMENTATION_COMMENTS = YES;
				CLANG_WARN_EMPTY_BODY = YES;
				CLANG_WARN_ENUM_CONVERSION = YES;
				CLANG_WARN_INFINITE_RECURSION = YES;
				CLANG_WARN_INT_CONVERSION = YES;
				CLANG_WARN_NON_LITERAL_NULL_CONVERSION = YES;
				CLANG_WARN_OBJC_LITERAL_CONVERSION = YES;
				CLANG_WARN_OBJC_ROOT_CLASS = YES_ERROR;
				CLANG_WARN_RANGE_LOOP_ANALYSIS = YES;
				CLANG_WARN_STRICT_PROTOTYPES = YES;
				CLANG_WARN_SUSPICIOUS_MOVE = YES;
				CLANG_WARN_UNGUARDED_AVAILABILITY = YES_AGGRESSIVE;
				CLANG_WARN_UNREACHABLE_CODE = YES;
				CLANG_WARN__DUPLICATE_METHOD_MATCH = YES;
				CODE_SIGN_IDENTITY = "iPhone Developer";
				COPY_PHASE_STRIP = NO;
				DEBUG_INFORMATION_FORMAT = "dwarf-with-dsym";
				ENABLE_NS_ASSERTIONS = NO;
				ENABLE_STRICT_OBJC_MSGSEND = YES;
				GCC_C_LANGUAGE_STANDARD = gnu11;
				GCC_NO_COMMON_BLOCKS = YES;
				GCC_WARN_64_TO_32_BIT_CONVERSION = YES;
				GCC_WARN_ABOUT_RETURN_TYPE = YES_ERROR;
				GCC_WARN_UNDECLARED_SELECTOR = YES;
				GCC_WARN_UNINITIALIZED_AUTOS = YES_AGGRESSIVE;
				GCC_WARN_UNUSED_FUNCTION = YES;
				GCC_WARN_UNUSED_VARIABLE = YES;
				IPHONEOS_DEPLOYMENT_TARGET = 11.1;
				MTL_ENABLE_DEBUG_INFO = NO;
				SDKROOT = iphoneos;
				VALIDATE_PRODUCT = YES;
			};
			name = Release;
		};
		131C3218207D0D1E00C0DD39 /* Debug */ = {
			isa = XCBuildConfiguration;
			baseConfigurationReference = 41830DF5910264A6F7AE2CBD /* Pods-TestDEMO2.debug.xcconfig */;
			buildSettings = {
				ASSETCATALOG_COMPILER_APPICON_NAME = AppIcon;
				CODE_SIGN_STYLE = Automatic;
				DEVELOPMENT_TEAM = MXZMK9FZ55;
				HEADER_SEARCH_PATHS = (
					"\"${PODS_ROOT}/Headers/Public\"",
					"\"${PODS_ROOT}/Headers/Public/AFNetworking\"",
					"\"${PODS_ROOT}/Headers/Public/Masonry\"",
					"$(inherited)",
				);
				INFOPLIST_FILE = TestDEMO2/Info.plist;
				IPHONEOS_DEPLOYMENT_TARGET = 9.0;
				LD_RUNPATH_SEARCH_PATHS = "$(inherited) @executable_path/Frameworks";
				PRODUCT_BUNDLE_IDENTIFIER = com.zhph.user.TestDEMO2;
				PRODUCT_NAME = "$(TARGET_NAME)";
				TARGETED_DEVICE_FAMILY = "1,2";
			};
			name = Debug;
		};
		131C3219207D0D1E00C0DD39 /* Release */ = {
			isa = XCBuildConfiguration;
			baseConfigurationReference = 616C577346D296C7CFE086C4 /* Pods-TestDEMO2.release.xcconfig */;
			buildSettings = {
				ASSETCATALOG_COMPILER_APPICON_NAME = AppIcon;
				CODE_SIGN_STYLE = Automatic;
				DEVELOPMENT_TEAM = MXZMK9FZ55;
				HEADER_SEARCH_PATHS = (
					"\"${PODS_ROOT}/Headers/Public\"",
					"\"${PODS_ROOT}/Headers/Public/AFNetworking\"",
					"\"${PODS_ROOT}/Headers/Public/Masonry\"",
					"$(inherited)",
				);
				INFOPLIST_FILE = TestDEMO2/Info.plist;
				IPHONEOS_DEPLOYMENT_TARGET = 9.0;
				LD_RUNPATH_SEARCH_PATHS = "$(inherited) @executable_path/Frameworks";
				PRODUCT_BUNDLE_IDENTIFIER = com.zhph.user.TestDEMO2;
				PRODUCT_NAME = "$(TARGET_NAME)";
				TARGETED_DEVICE_FAMILY = "1,2";
			};
			name = Release;
		};
/* End XCBuildConfiguration section */

/* Begin XCConfigurationList section */
		131C31FC207D0D1E00C0DD39 /* Build configuration list for PBXProject "TestDEMO2" */ = {
			isa = XCConfigurationList;
			buildConfigurations = (
				131C3215207D0D1E00C0DD39 /* Debug */,
				131C3216207D0D1E00C0DD39 /* Release */,
			);
			defaultConfigurationIsVisible = 0;
			defaultConfigurationName = Release;
		};
		131C3217207D0D1E00C0DD39 /* Build configuration list for PBXNativeTarget "TestDEMO2" */ = {
			isa = XCConfigurationList;
			buildConfigurations = (
				131C3218207D0D1E00C0DD39 /* Debug */,
				131C3219207D0D1E00C0DD39 /* Release */,
			);
			defaultConfigurationIsVisible = 0;
			defaultConfigurationName = Release;
		};
/* End XCConfigurationList section */
	};
	rootObject = 131C31F9207D0D1E00C0DD39 /* Project object */;
}
